
Microsoft Visual Studio Solution File, Format Version 12.00
# Visual Studio 15
VisualStudioVersion = 15.0.28307.271
MinimumVisualStudioVersion = 10.0.40219.1
Project("{FAE04EC0-301F-11D3-BF4B-00C04F79EFBC}") = "HW1 3013 Review", "HW1 3013 Review\HW1 3013 Review.csproj", "{0089D96C-318A-4C42-8336-399928588EC2}"
EndProject
Project("{FAE04EC0-301F-11D3-BF4B-00C04F79EFBC}") = "Loops1", "Loops1\Loops1.csproj", "{20DAA6D8-BC1F-475C-80E8-10D1469049AA}"
EndProject
Global
	GlobalSection(SolutionConfigurationPlatforms) = preSolution
		Debug|Any CPU = Debug|Any CPU
		Release|Any CPU = Release|Any CPU
	EndGlobalSection
	GlobalSection(ProjectConfigurationPlatforms) = postSolution
		{0089D96C-318A-4C42-8336-399928588EC2}.Debug|Any CPU.ActiveCfg = Debug|Any CPU
		{0089D96C-318A-4C42-8336-399928588EC2}.Debug|Any CPU.Build.0 = Debug|Any CPU
		{0089D96C-318A-4C42-8336-399928588EC2}.Release|Any CPU.ActiveCfg = Release|Any CPU
		{0089D96C-318A-4C42-8336-399928588EC2}.Release|Any CPU.Build.0 = Release|Any CPU
		{20DAA6D8-BC1F-475C-80E8-10D1469049AA}.Debug|Any CPU.ActiveCfg = Debug|Any CPU
		{20DAA6D8-BC1F-475C-80E8-10D1469049AA}.Debug|Any CPU.Build.0 = Debug|Any CPU
		{20DAA6D8-BC1F-475C-80E8-10D1469049AA}.Release|Any CPU.ActiveCfg = Release|Any CPU
		{20DAA6D8-BC1F-475C-80E8-10D1469049AA}.Release|Any CPU.Build.0 = Release|Any CPU
	EndGlobalSection
	GlobalSection(SolutionProperties) = preSolution
		HideSolutionNode = FALSE
	EndGlobalSection
	GlobalSection(ExtensibilityGlobals) = postSolution
		SolutionGuid = {94085C05-4E1A-4E54-97AA-5AD66A7E0308}
	EndGlobalSection
EndGlobal
