
Microsoft Visual Studio Solution File, Format Version 12.00
# Visual Studio 15
VisualStudioVersion = 15.0.28010.2050
MinimumVisualStudioVersion = 10.0.40219.1
Project("{FAE04EC0-301F-11D3-BF4B-00C04F79EFBC}") = "942019", "942019\942019.csproj", "{1CF94BE9-B60D-47D0-85E5-2F5166F3CB64}"
EndProject
Global
	GlobalSection(SolutionConfigurationPlatforms) = preSolution
		Debug|Any CPU = Debug|Any CPU
		Release|Any CPU = Release|Any CPU
	EndGlobalSection
	GlobalSection(ProjectConfigurationPlatforms) = postSolution
		{1CF94BE9-B60D-47D0-85E5-2F5166F3CB64}.Debug|Any CPU.ActiveCfg = Debug|Any CPU
		{1CF94BE9-B60D-47D0-85E5-2F5166F3CB64}.Debug|Any CPU.Build.0 = Debug|Any CPU
		{1CF94BE9-B60D-47D0-85E5-2F5166F3CB64}.Release|Any CPU.ActiveCfg = Release|Any CPU
		{1CF94BE9-B60D-47D0-85E5-2F5166F3CB64}.Release|Any CPU.Build.0 = Release|Any CPU
	EndGlobalSection
	GlobalSection(SolutionProperties) = preSolution
		HideSolutionNode = FALSE
	EndGlobalSection
	GlobalSection(ExtensibilityGlobals) = postSolution
		SolutionGuid = {06F68477-3566-4B87-8F4E-18F175723D26}
	EndGlobalSection
EndGlobal
