
Microsoft Visual Studio Solution File, Format Version 12.00
# Visual Studio 15
VisualStudioVersion = 15.0.28010.2050
MinimumVisualStudioVersion = 10.0.40219.1
Project("{FAE04EC0-301F-11D3-BF4B-00C04F79EFBC}") = "9162019 Entities Framework", "9162019 Entities Framework\9162019 Entities Framework.csproj", "{3C4873F0-8727-4171-8132-4A540FF5C5FA}"
EndProject
Global
	GlobalSection(SolutionConfigurationPlatforms) = preSolution
		Debug|Any CPU = Debug|Any CPU
		Release|Any CPU = Release|Any CPU
	EndGlobalSection
	GlobalSection(ProjectConfigurationPlatforms) = postSolution
		{3C4873F0-8727-4171-8132-4A540FF5C5FA}.Debug|Any CPU.ActiveCfg = Debug|Any CPU
		{3C4873F0-8727-4171-8132-4A540FF5C5FA}.Debug|Any CPU.Build.0 = Debug|Any CPU
		{3C4873F0-8727-4171-8132-4A540FF5C5FA}.Release|Any CPU.ActiveCfg = Release|Any CPU
		{3C4873F0-8727-4171-8132-4A540FF5C5FA}.Release|Any CPU.Build.0 = Release|Any CPU
	EndGlobalSection
	GlobalSection(SolutionProperties) = preSolution
		HideSolutionNode = FALSE
	EndGlobalSection
	GlobalSection(ExtensibilityGlobals) = postSolution
		SolutionGuid = {4B30BA7F-2249-4D82-9B18-3F7D193DC130}
	EndGlobalSection
EndGlobal
